
Microsoft Visual Studio Solution File, Format Version 12.00
# Visual Studio Version 17
VisualStudioVersion = 17.4.33110.190
MinimumVisualStudioVersion = 10.0.40219.1
Project("{FAE04EC0-301F-11D3-BF4B-00C04F79EFBC}") = "ShareFile.API", "ShareFile.API\ShareFile.API.csproj", "{0A77FB64-A362-40D3-8DBE-E2B537107A7A}"
EndProject
Global
	GlobalSection(SolutionConfigurationPlatforms) = preSolution
		Debug|Any CPU = Debug|Any CPU
		Release|Any CPU = Release|Any CPU
	EndGlobalSection
	GlobalSection(ProjectConfigurationPlatforms) = postSolution
		{0A77FB64-A362-40D3-8DBE-E2B537107A7A}.Debug|Any CPU.ActiveCfg = Debug|Any CPU
		{0A77FB64-A362-40D3-8DBE-E2B537107A7A}.Debug|Any CPU.Build.0 = Debug|Any CPU
		{0A77FB64-A362-40D3-8DBE-E2B537107A7A}.Release|Any CPU.ActiveCfg = Release|Any CPU
		{0A77FB64-A362-40D3-8DBE-E2B537107A7A}.Release|Any CPU.Build.0 = Release|Any CPU
	EndGlobalSection
	GlobalSection(SolutionProperties) = preSolution
		HideSolutionNode = FALSE
	EndGlobalSection
	GlobalSection(ExtensibilityGlobals) = postSolution
		SolutionGuid = {82E8CEEF-D983-4E79-84D1-F1D69D9D7BCC}
	EndGlobalSection
EndGlobal
